Microsoft Visual Studio Solution File, Format Version 12.00
# Visual Studio 2012
Project("{FAE04EC0-301F-11D3-BF4B-00C04F79EFBC}") = "WindowCat", "WindowCat.csproj", "{90BAD2B1-E411-48CD-870C-971C12B0E15F}"
EndProject
Global
	GlobalSection(SolutionConfigurationPlatforms) = preSolution
	Debug|Any CPU = Debug|Any CPU
	ExportDebug|Any CPU = ExportDebug|Any CPU
	ExportRelease|Any CPU = ExportRelease|Any CPU
	EndGlobalSection
	GlobalSection(ProjectConfigurationPlatforms) = postSolution
		{90BAD2B1-E411-48CD-870C-971C12B0E15F}.Debug|Any CPU.ActiveCfg = Debug|Any CPU
		{90BAD2B1-E411-48CD-870C-971C12B0E15F}.Debug|Any CPU.Build.0 = Debug|Any CPU
		{90BAD2B1-E411-48CD-870C-971C12B0E15F}.ExportDebug|Any CPU.ActiveCfg = ExportDebug|Any CPU
		{90BAD2B1-E411-48CD-870C-971C12B0E15F}.ExportDebug|Any CPU.Build.0 = ExportDebug|Any CPU
		{90BAD2B1-E411-48CD-870C-971C12B0E15F}.ExportRelease|Any CPU.ActiveCfg = ExportRelease|Any CPU
		{90BAD2B1-E411-48CD-870C-971C12B0E15F}.ExportRelease|Any CPU.Build.0 = ExportRelease|Any CPU
	EndGlobalSection
EndGlobal
